{
  "name": "raidpi",
  "version": "1.0.0",
  "lockfileVersion": 1,
  "requires": true,
  "dependencies": {
    "dotenv": {
      "version": "14.3.2",
      "resolved": "https://registry.npmjs.org/dotenv/-/dotenv-14.3.2.tgz",
      "integrity": "sha512-vwEppIphpFdvaMCaHfCEv9IgwcxMljMw2TnAQBB4VWPvzXQLTb82jwmdOKzlEVUL3gNFT4l4TPKO+Bn+sqcrVQ=="
    },
    "node-watch": {
      "version": "0.7.3",
      "resolved": "https://registry.npmjs.org/node-watch/-/node-watch-0.7.3.tgz",
      "integrity": "sha512-3l4E8uMPY1HdMMryPRUAl+oIHtXtyiTlIiESNSVSNxcPfzAFzeTbXFQkZfAwBbo0B1qMSG8nUABx+Gd+YrbKrQ=="
    },
    "node-wol": {
      "version": "0.1.1",
      "resolved": "https://registry.npmjs.org/node-wol/-/node-wol-0.1.1.tgz",
      "integrity": "sha1-m+F/6LeZxeAKaq1ciTb0NoTl6D0="
    },
    "rsync": {
      "version": "0.6.1",
      "resolved": "https://registry.npmjs.org/rsync/-/rsync-0.6.1.tgz",
      "integrity": "sha1-NoGgCYvYdQRI+L+dof7gn3djdCs="
    }
  }
}
